
Microsoft Visual Studio Solution File, Format Version 12.00
# Visual Studio Version 17
VisualStudioVersion = 17.1.32414.318
MinimumVisualStudioVersion = 10.0.40219.1
Project("{FAE04EC0-301F-11D3-BF4B-00C04F79EFBC}") = "AdventureGame", "AdventureGame\AdventureGame.csproj", "{AD2A7922-7CE4-47FF-BD77-6160158EB644}"
EndProject
Global
	GlobalSection(SolutionConfigurationPlatforms) = preSolution
		Debug|Any CPU = Debug|Any CPU
		Release|Any CPU = Release|Any CPU
	EndGlobalSection
	GlobalSection(ProjectConfigurationPlatforms) = postSolution
		{AD2A7922-7CE4-47FF-BD77-6160158EB644}.Debug|Any CPU.ActiveCfg = Debug|Any CPU
		{AD2A7922-7CE4-47FF-BD77-6160158EB644}.Debug|Any CPU.Build.0 = Debug|Any CPU
		{AD2A7922-7CE4-47FF-BD77-6160158EB644}.Release|Any CPU.ActiveCfg = Release|Any CPU
		{AD2A7922-7CE4-47FF-BD77-6160158EB644}.Release|Any CPU.Build.0 = Release|Any CPU
	EndGlobalSection
	GlobalSection(SolutionProperties) = preSolution
		HideSolutionNode = FALSE
	EndGlobalSection
	GlobalSection(ExtensibilityGlobals) = postSolution
		SolutionGuid = {55CCE634-875C-4DBB-B89B-45EC2477DB1A}
	EndGlobalSection
EndGlobal
